Microsoft Visual Studio Solution File, Format Version 12.00
# Visual Studio Version 17
VisualStudioVersion = 17.8.34330.188
MinimumVisualStudioVersion = 10.0.40219.1
Project("{9A19103F-16F7-4668-BE54-9A1E7A4F7556}") = "OpenWeatherAPI Example", "OpenWeatherAPI Example\OpenWeatherAPI Example.csproj", "{A4C56118-C975-453B-9A45-FCC7A197C71F}"
EndProject
Project("{9A19103F-16F7-4668-BE54-9A1E7A4F7556}") = "OpenWeatherAPI", "OpenWeatherAPI\OpenWeatherAPI.csproj", "{2D8CE45E-80E1-44B0-A601-D50F34CB2B4F}"
EndProject
Project("{FAE04EC0-301F-11D3-BF4B-00C04F79EFBC}") = "OpenWeatherAPI App", "OpenWeatherAPI App\OpenWeatherAPI App.csproj", "{9E79701F-3B4C-49BC-8B72-540709505963}"
EndProject
Global
	GlobalSection(SolutionConfigurationPlatforms) = preSolution
		Debug|Any CPU = Debug|Any CPU
		Release|Any CPU = Release|Any CPU
	EndGlobalSection
	GlobalSection(ProjectConfigurationPlatforms) = postSolution
		{A4C56118-C975-453B-9A45-FCC7A197C71F}.Debug|Any CPU.ActiveCfg = Debug|Any CPU
		{A4C56118-C975-453B-9A45-FCC7A197C71F}.Debug|Any CPU.Build.0 = Debug|Any CPU
		{A4C56118-C975-453B-9A45-FCC7A197C71F}.Release|Any CPU.ActiveCfg = Release|Any CPU
		{A4C56118-C975-453B-9A45-FCC7A197C71F}.Release|Any CPU.Build.0 = Release|Any CPU
		{2D8CE45E-80E1-44B0-A601-D50F34CB2B4F}.Debug|Any CPU.ActiveCfg = Debug|Any CPU
		{2D8CE45E-80E1-44B0-A601-D50F34CB2B4F}.Debug|Any CPU.Build.0 = Debug|Any CPU
		{2D8CE45E-80E1-44B0-A601-D50F34CB2B4F}.Release|Any CPU.ActiveCfg = Release|Any CPU
		{2D8CE45E-80E1-44B0-A601-D50F34CB2B4F}.Release|Any CPU.Build.0 = Release|Any CPU
		{9E79701F-3B4C-49BC-8B72-540709505963}.Debug|Any CPU.ActiveCfg = Debug|Any CPU
		{9E79701F-3B4C-49BC-8B72-540709505963}.Debug|Any CPU.Build.0 = Debug|Any CPU
		{9E79701F-3B4C-49BC-8B72-540709505963}.Release|Any CPU.ActiveCfg = Release|Any CPU
		{9E79701F-3B4C-49BC-8B72-540709505963}.Release|Any CPU.Build.0 = Release|Any CPU
	EndGlobalSection
	GlobalSection(SolutionProperties) = preSolution
		HideSolutionNode = FALSE
	EndGlobalSection
	GlobalSection(ExtensibilityGlobals) = postSolution
		SolutionGuid = {A0FE5A4E-9188-4A10-AE36-25C3663216D6}
	EndGlobalSection
EndGlobal
